
Microsoft Visual Studio Solution File, Format Version 12.00
# Visual Studio 15
VisualStudioVersion = 15.0.26430.16
MinimumVisualStudioVersion = 10.0.40219.1
Project("{FAE04EC0-301F-11D3-BF4B-00C04F79EFBC}") = "ProCon28", "ProCon28\ProCon28.csproj", "{EAC8AED8-0C97-4D31-B7B9-F29FC29D8FB7}"
EndProject
Project("{FAE04EC0-301F-11D3-BF4B-00C04F79EFBC}") = "ProCon28.Algo", "ProCon28.Algo\ProCon28.Algo.csproj", "{683D796B-F0FE-4FE9-99B2-4CE23F3DCFD1}"
EndProject
Project("{FAE04EC0-301F-11D3-BF4B-00C04F79EFBC}") = "ProCon28.Linker", "ProCon28.Linker\ProCon28.Linker.csproj", "{5536D5EA-DE7D-4568-B616-69D43ED49167}"
EndProject
Global
	GlobalSection(SolutionConfigurationPlatforms) = preSolution
		Debug|Any CPU = Debug|Any CPU
		Release|Any CPU = Release|Any CPU
	EndGlobalSection
	GlobalSection(ProjectConfigurationPlatforms) = postSolution
		{EAC8AED8-0C97-4D31-B7B9-F29FC29D8FB7}.Debug|Any CPU.ActiveCfg = Debug|Any CPU
		{EAC8AED8-0C97-4D31-B7B9-F29FC29D8FB7}.Debug|Any CPU.Build.0 = Debug|Any CPU
		{EAC8AED8-0C97-4D31-B7B9-F29FC29D8FB7}.Release|Any CPU.ActiveCfg = Release|Any CPU
		{EAC8AED8-0C97-4D31-B7B9-F29FC29D8FB7}.Release|Any CPU.Build.0 = Release|Any CPU
		{683D796B-F0FE-4FE9-99B2-4CE23F3DCFD1}.Debug|Any CPU.ActiveCfg = Debug|Any CPU
		{683D796B-F0FE-4FE9-99B2-4CE23F3DCFD1}.Debug|Any CPU.Build.0 = Debug|Any CPU
		{683D796B-F0FE-4FE9-99B2-4CE23F3DCFD1}.Release|Any CPU.ActiveCfg = Release|Any CPU
		{683D796B-F0FE-4FE9-99B2-4CE23F3DCFD1}.Release|Any CPU.Build.0 = Release|Any CPU
		{5536D5EA-DE7D-4568-B616-69D43ED49167}.Debug|Any CPU.ActiveCfg = Debug|Any CPU
		{5536D5EA-DE7D-4568-B616-69D43ED49167}.Debug|Any CPU.Build.0 = Debug|Any CPU
		{5536D5EA-DE7D-4568-B616-69D43ED49167}.Release|Any CPU.ActiveCfg = Release|Any CPU
		{5536D5EA-DE7D-4568-B616-69D43ED49167}.Release|Any CPU.Build.0 = Release|Any CPU
	EndGlobalSection
	GlobalSection(SolutionProperties) = preSolution
		HideSolutionNode = FALSE
	EndGlobalSection
EndGlobal
